// !$*UTF8*$!
{
	archiveVersion = 1;
	classes = {
	};
	objectVersion = 50;
	objects = {

/* Begin PBXBuildFile section */
		AE12048D266A7B68003E5FE7 /* UIView+Extensions.swift in Sources */ = {isa = PBXBuildFile; fileRef = AE12048C266A7B68003E5FE7 /* UIView+Extensions.swift */; };
		AE12048F266A7BAB003E5FE7 /* MyTabbarViewController.swift in Sources */ = {isa = PBXBuildFile; fileRef = AE12048E266A7BAB003E5FE7 /* MyTabbarViewController.swift */; };
		AE120491266A7EC1003E5FE7 /* Collection+Extensions.swift in Sources */ = {isa = PBXBuildFile; fileRef = AE120490266A7EC1003E5FE7 /* Collection+Extensions.swift */; };
		AE120494266A9524003E5FE7 /* MainTabbarController.swift in Sources */ = {isa = PBXBuildFile; fileRef = AE120493266A9524003E5FE7 /* MainTabbarController.swift */; };
		AEB9B6C826583CC800F388D8 /* TabbarView.swift in Sources */ = {isa = PBXBuildFile; fileRef = AEB9B6C726583CC800F388D8 /* TabbarView.swift */; };
		AEB9B6CA26583CDB00F388D8 /* TabbarView.xib in Resources */ = {isa = PBXBuildFile; fileRef = AEB9B6C926583CDB00F388D8 /* TabbarView.xib */; };
		AED654562653E82400B88102 /* AppDelegate.swift in Sources */ = {isa = PBXBuildFile; fileRef = AED654552653E82400B88102 /* AppDelegate.swift */; };
		AED654582653E82400B88102 /* SceneDelegate.swift in Sources */ = {isa = PBXBuildFile; fileRef = AED654572653E82400B88102 /* SceneDelegate.swift */; };
		AED6545A2653E82400B88102 /* ViewController.swift in Sources */ = {isa = PBXBuildFile; fileRef = AED654592653E82400B88102 /* ViewController.swift */; };
		AED6545D2653E82400B88102 /* Main.storyboard in Resources */ = {isa = PBXBuildFile; fileRef = AED6545B2653E82400B88102 /* Main.storyboard */; };
		AED6545F2653E82500B88102 /* Assets.xcassets in Resources */ = {isa = PBXBuildFile; fileRef = AED6545E2653E82500B88102 /* Assets.xcassets */; };
		AED654622653E82500B88102 /* LaunchScreen.storyboard in Resources */ = {isa = PBXBuildFile; fileRef = AED654602653E82500B88102 /* LaunchScreen.storyboard */; };
/* End PBXBuildFile section */

/* Begin PBXFileReference section */
		AE12048C266A7B68003E5FE7 /* UIView+Extensions.swift */ = {isa = PBXFileReference; lastKnownFileType = sourcecode.swift; path = "UIView+Extensions.swift"; sourceTree = "<group>"; };
		AE12048E266A7BAB003E5FE7 /* MyTabbarViewController.swift */ = {isa = PBXFileReference; lastKnownFileType = sourcecode.swift; path = MyTabbarViewController.swift; sourceTree = "<group>"; };
		AE120490266A7EC1003E5FE7 /* Collection+Extensions.swift */ = {isa = PBXFileReference; lastKnownFileType = sourcecode.swift; path = "Collection+Extensions.swift"; sourceTree = "<group>"; };
		AE120493266A9524003E5FE7 /* MainTabbarController.swift */ = {isa = PBXFileReference; lastKnownFileType = sourcecode.swift; path = MainTabbarController.swift; sourceTree = "<group>"; };
		AEB9B6C726583CC800F388D8 /* TabbarView.swift */ = {isa = PBXFileReference; lastKnownFileType = sourcecode.swift; path = TabbarView.swift; sourceTree = "<group>"; };
		AEB9B6C926583CDB00F388D8 /* TabbarView.xib */ = {isa = PBXFileReference; lastKnownFileType = file.xib; path = TabbarView.xib; sourceTree = "<group>"; };
		AED654522653E82400B88102 /* AutolayoutWorkshop.app */ = {isa = PBXFileReference; explicitFileType = wrapper.application; includeInIndex = 0; path = AutolayoutWorkshop.app; sourceTree = BUILT_PRODUCTS_DIR; };
		AED654552653E82400B88102 /* AppDelegate.swift */ = {isa = PBXFileReference; lastKnownFileType = sourcecode.swift; path = AppDelegate.swift; sourceTree = "<group>"; };
		AED654572653E82400B88102 /* SceneDelegate.swift */ = {isa = PBXFileReference; lastKnownFileType = sourcecode.swift; path = SceneDelegate.swift; sourceTree = "<group>"; };
		AED654592653E82400B88102 /* ViewController.swift */ = {isa = PBXFileReference; lastKnownFileType = sourcecode.swift; path = ViewController.swift; sourceTree = "<group>"; };
		AED6545C2653E82400B88102 /* Base */ = {isa = PBXFileReference; lastKnownFileType = file.storyboard; name = Base; path = Base.lproj/Main.storyboard; sourceTree = "<group>"; };
		AED6545E2653E82500B88102 /* Assets.xcassets */ = {isa = PBXFileReference; lastKnownFileType = folder.assetcatalog; path = Assets.xcassets; sourceTree = "<group>"; };
		AED654612653E82500B88102 /* Base */ = {isa = PBXFileReference; lastKnownFileType = file.storyboard; name = Base; path = Base.lproj/LaunchScreen.storyboard; sourceTree = "<group>"; };
		AED654632653E82500B88102 /* Info.plist */ = {isa = PBXFileReference; lastKnownFileType = text.plist.xml; path = Info.plist; sourceTree = "<group>"; };
/* End PBXFileReference section */

/* Begin PBXFrameworksBuildPhase section */
		AED6544F2653E82400B88102 /* Frameworks */ = {
			isa = PBXFrameworksBuildPhase;
			buildActionMask = 2147483647;
			files = (
			);
			runOnlyForDeploymentPostprocessing = 0;
		};
/* End PBXFrameworksBuildPhase section */

/* Begin PBXGroup section */
		AE12048A266A7B19003E5FE7 /* Tabbar */ = {
			isa = PBXGroup;
			children = (
				AEB9B6C726583CC800F388D8 /* TabbarView.swift */,
				AE12048E266A7BAB003E5FE7 /* MyTabbarViewController.swift */,
			);
			path = Tabbar;
			sourceTree = "<group>";
		};
		AE12048B266A7B20003E5FE7 /* Utils */ = {
			isa = PBXGroup;
			children = (
				AE12048C266A7B68003E5FE7 /* UIView+Extensions.swift */,
				AE120490266A7EC1003E5FE7 /* Collection+Extensions.swift */,
			);
			path = Utils;
			sourceTree = "<group>";
		};
		AED654492653E82400B88102 = {
			isa = PBXGroup;
			children = (
				AED654542653E82400B88102 /* AutolayoutWorkshop */,
				AED654532653E82400B88102 /* Products */,
			);
			sourceTree = "<group>";
		};
		AED654532653E82400B88102 /* Products */ = {
			isa = PBXGroup;
			children = (
				AED654522653E82400B88102 /* AutolayoutWorkshop.app */,
			);
			name = Products;
			sourceTree = "<group>";
		};
		AED654542653E82400B88102 /* AutolayoutWorkshop */ = {
			isa = PBXGroup;
			children = (
				AE12048B266A7B20003E5FE7 /* Utils */,
				AE12048A266A7B19003E5FE7 /* Tabbar */,
				AED654552653E82400B88102 /* AppDelegate.swift */,
				AED654572653E82400B88102 /* SceneDelegate.swift */,
				AED654592653E82400B88102 /* ViewController.swift */,
				AE120493266A9524003E5FE7 /* MainTabbarController.swift */,
				AED6545B2653E82400B88102 /* Main.storyboard */,
				AED6545E2653E82500B88102 /* Assets.xcassets */,
				AED654602653E82500B88102 /* LaunchScreen.storyboard */,
				AED654632653E82500B88102 /* Info.plist */,
				AEB9B6C926583CDB00F388D8 /* TabbarView.xib */,
			);
			path = AutolayoutWorkshop;
			sourceTree = "<group>";
		};
/* End PBXGroup section */

/* Begin PBXNativeTarget section */
		AED654512653E82400B88102 /* AutolayoutWorkshop */ = {
			isa = PBXNativeTarget;
			buildConfigurationList = AED654662653E82500B88102 /* Build configuration list for PBXNativeTarget "AutolayoutWorkshop" */;
			buildPhases = (
				AED6544E2653E82400B88102 /* Sources */,
				AED6544F2653E82400B88102 /* Frameworks */,
				AED654502653E82400B88102 /* Resources */,
			);
			buildRules = (
			);
			dependencies = (
			);
			name = AutolayoutWorkshop;
			productName = AutolayoutWorkshop;
			productReference = AED654522653E82400B88102 /* AutolayoutWorkshop.app */;
			productType = "com.apple.product-type.application";
		};
/* End PBXNativeTarget section */

/* Begin PBXProject section */
		AED6544A2653E82400B88102 /* Project object */ = {
			isa = PBXProject;
			attributes = {
				LastSwiftUpdateCheck = 1250;
				LastUpgradeCheck = 1250;
				TargetAttributes = {
					AED654512653E82400B88102 = {
						CreatedOnToolsVersion = 12.5;
					};
				};
			};
			buildConfigurationList = AED6544D2653E82400B88102 /* Build configuration list for PBXProject "AutolayoutWorkshop" */;
			compatibilityVersion = "Xcode 9.3";
			developmentRegion = en;
			hasScannedForEncodings = 0;
			knownRegions = (
				en,
				Base,
			);
			mainGroup = AED654492653E82400B88102;
			productRefGroup = AED654532653E82400B88102 /* Products */;
			projectDirPath = "";
			projectRoot = "";
			targets = (
				AED654512653E82400B88102 /* AutolayoutWorkshop */,
			);
		};
/* End PBXProject section */

/* Begin PBXResourcesBuildPhase section */
		AED654502653E82400B88102 /* Resources */ = {
			isa = PBXResourcesBuildPhase;
			buildActionMask = 2147483647;
			files = (
				AED654622653E82500B88102 /* LaunchScreen.storyboard in Resources */,
				AED6545F2653E82500B88102 /* Assets.xcassets in Resources */,
				AEB9B6CA26583CDB00F388D8 /* TabbarView.xib in Resources */,
				AED6545D2653E82400B88102 /* Main.storyboard in Resources */,
			);
			runOnlyForDeploymentPostprocessing = 0;
		};
/* End PBXResourcesBuildPhase section */

/* Begin PBXSourcesBuildPhase section */
		AED6544E2653E82400B88102 /* Sources */ = {
			isa = PBXSourcesBuildPhase;
			buildActionMask = 2147483647;
			files = (
				AED6545A2653E82400B88102 /* ViewController.swift in Sources */,
				AED654562653E82400B88102 /* AppDelegate.swift in Sources */,
				AE120494266A9524003E5FE7 /* MainTabbarController.swift in Sources */,
				AE120491266A7EC1003E5FE7 /* Collection+Extensions.swift in Sources */,
				AE12048D266A7B68003E5FE7 /* UIView+Extensions.swift in Sources */,
				AEB9B6C826583CC800F388D8 /* TabbarView.swift in Sources */,
				AE12048F266A7BAB003E5FE7 /* MyTabbarViewController.swift in Sources */,
				AED654582653E82400B88102 /* SceneDelegate.swift in Sources */,
			);
			runOnlyForDeploymentPostprocessing = 0;
		};
/* End PBXSourcesBuildPhase section */

/* Begin PBXVariantGroup section */
		AED6545B2653E82400B88102 /* Main.storyboard */ = {
			isa = PBXVariantGroup;
			children = (
				AED6545C2653E82400B88102 /* Base */,
			);
			name = Main.storyboard;
			sourceTree = "<group>";
		};
		AED654602653E82500B88102 /* LaunchScreen.storyboard */ = {
			isa = PBXVariantGroup;
			children = (
				AED654612653E82500B88102 /* Base */,
			);
			name = LaunchScreen.storyboard;
			sourceTree = "<group>";
		};
/* End PBXVariantGroup section */

/* Begin XCBuildConfiguration section */
		AED654642653E82500B88102 /* Debug */ = {
			isa = XCBuildConfiguration;
			buildSettings = {
				ALWAYS_SEARCH_USER_PATHS = NO;
				CLANG_ANALYZER_NONNULL = YES;
				CLANG_ANALYZER_NUMBER_OBJECT_CONVERSION = YES_AGGRESSIVE;
				CLANG_CXX_LANGUAGE_STANDARD = "gnu++14";
				CLANG_CXX_LIBRARY = "libc++";
				CLANG_ENABLE_MODULES = YES;
				CLANG_ENABLE_OBJC_ARC = YES;
				CLANG_ENABLE_OBJC_WEAK = YES;
				CLANG_WARN_BLOCK_CAPTURE_AUTORELEASING = YES;
				CLANG_WARN_BOOL_CONVERSION = YES;
				CLANG_WARN_COMMA = YES;
				CLANG_WARN_CONSTANT_CONVERSION = YES;
				CLANG_WARN_DEPRECATED_OBJC_IMPLEMENTATIONS = YES;
				CLANG_WARN_DIRECT_OBJC_ISA_USAGE = YES_ERROR;
				CLANG_WARN_DOCUMENTATION_COMMENTS = YES;
				CLANG_WARN_EMPTY_BODY = YES;
				CLANG_WARN_ENUM_CONVERSION = YES;
				CLANG_WARN_INFINITE_RECURSION = YES;
				CLANG_WARN_INT_CONVERSION = YES;
				CLANG_WARN_NON_LITERAL_NULL_CONVERSION = YES;
				CLANG_WARN_OBJC_IMPLICIT_RETAIN_SELF = YES;
				CLANG_WARN_OBJC_LITERAL_CONVERSION = YES;
				CLANG_WARN_OBJC_ROOT_CLASS = YES_ERROR;
				CLANG_WARN_QUOTED_INCLUDE_IN_FRAMEWORK_HEADER = YES;
				CLANG_WARN_RANGE_LOOP_ANALYSIS = YES;
				CLANG_WARN_STRICT_PROTOTYPES = YES;
				CLANG_WARN_SUSPICIOUS_MOVE = YES;
				CLANG_WARN_UNGUARDED_AVAILABILITY = YES_AGGRESSIVE;
				CLANG_WARN_UNREACHABLE_CODE = YES;
				CLANG_WARN__DUPLICATE_METHOD_MATCH = YES;
				COPY_PHASE_STRIP = NO;
				DEBUG_INFORMATION_FORMAT = dwarf;
				ENABLE_STRICT_OBJC_MSGSEND = YES;
				ENABLE_TESTABILITY = YES;
				GCC_C_LANGUAGE_STANDARD = gnu11;
				GCC_DYNAMIC_NO_PIC = NO;
				GCC_NO_COMMON_BLOCKS = YES;
				GCC_OPTIMIZATION_LEVEL = 0;
				GCC_PREPROCESSOR_DEFINITIONS = (
					"DEBUG=1",
					"$(inherited)",
				);
				GCC_WARN_64_TO_32_BIT_CONVERSION = YES;
				GCC_WARN_ABOUT_RETURN_TYPE = YES_ERROR;
				GCC_WARN_UNDECLARED_SELECTOR = YES;
				GCC_WARN_UNINITIALIZED_AUTOS = YES_AGGRESSIVE;
				GCC_WARN_UNUSED_FUNCTION = YES;
				GCC_WARN_UNUSED_VARIABLE = YES;
				IPHONEOS_DEPLOYMENT_TARGET = 14.5;
				MTL_ENABLE_DEBUG_INFO = INCLUDE_SOURCE;
				MTL_FAST_MATH = YES;
				ONLY_ACTIVE_ARCH = YES;
				SDKROOT = iphoneos;
				SWIFT_ACTIVE_COMPILATION_CONDITIONS = DEBUG;
				SWIFT_OPTIMIZATION_LEVEL = "-Onone";
			};
			name = Debug;
		};
		AED654652653E82500B88102 /* Release */ = {
			isa = XCBuildConfiguration;
			buildSettings = {
				ALWAYS_SEARCH_USER_PATHS = NO;
				CLANG_ANALYZER_NONNULL = YES;
				CLANG_ANALYZER_NUMBER_OBJECT_CONVERSION = YES_AGGRESSIVE;
				CLANG_CXX_LANGUAGE_STANDARD = "gnu++14";
				CLANG_CXX_LIBRARY = "libc++";
				CLANG_ENABLE_MODULES = YES;
				CLANG_ENABLE_OBJC_ARC = YES;
				CLANG_ENABLE_OBJC_WEAK = YES;
				CLANG_WARN_BLOCK_CAPTURE_AUTORELEASING = YES;
				CLANG_WARN_BOOL_CONVERSION = YES;
				CLANG_WARN_COMMA = YES;
				CLANG_WARN_CONSTANT_CONVERSION = YES;
				CLANG_WARN_DEPRECATED_OBJC_IMPLEMENTATIONS = YES;
				CLANG_WARN_DIRECT_OBJC_ISA_USAGE = YES_ERROR;
				CLANG_WARN_DOCUMENTATION_COMMENTS = YES;
				CLANG_WARN_EMPTY_BODY = YES;
				CLANG_WARN_ENUM_CONVERSION = YES;
				CLANG_WARN_INFINITE_RECURSION = YES;
				CLANG_WARN_INT_CONVERSION = YES;
				CLANG_WARN_NON_LITERAL_NULL_CONVERSION = YES;
				CLANG_WARN_OBJC_IMPLICIT_RETAIN_SELF = YES;
				CLANG_WARN_OBJC_LITERAL_CONVERSION = YES;
				CLANG_WARN_OBJC_ROOT_CLASS = YES_ERROR;
				CLANG_WARN_QUOTED_INCLUDE_IN_FRAMEWORK_HEADER = YES;
				CLANG_WARN_RANGE_LOOP_ANALYSIS = YES;
				CLANG_WARN_STRICT_PROTOTYPES = YES;
				CLANG_WARN_SUSPICIOUS_MOVE = YES;
				CLANG_WARN_UNGUARDED_AVAILABILITY = YES_AGGRESSIVE;
				CLANG_WARN_UNREACHABLE_CODE = YES;
				CLANG_WARN__DUPLICATE_METHOD_MATCH = YES;
				COPY_PHASE_STRIP = NO;
				DEBUG_INFORMATION_FORMAT = "dwarf-with-dsym";
				ENABLE_NS_ASSERTIONS = NO;
				ENABLE_STRICT_OBJC_MSGSEND = YES;
				GCC_C_LANGUAGE_STANDARD = gnu11;
				GCC_NO_COMMON_BLOCKS = YES;
				GCC_WARN_64_TO_32_BIT_CONVERSION = YES;
				GCC_WARN_ABOUT_RETURN_TYPE = YES_ERROR;
				GCC_WARN_UNDECLARED_SELECTOR = YES;
				GCC_WARN_UNINITIALIZED_AUTOS = YES_AGGRESSIVE;
				GCC_WARN_UNUSED_FUNCTION = YES;
				GCC_WARN_UNUSED_VARIABLE = YES;
				IPHONEOS_DEPLOYMENT_TARGET = 14.5;
				MTL_ENABLE_DEBUG_INFO = NO;
				MTL_FAST_MATH = YES;
				SDKROOT = iphoneos;
				SWIFT_COMPILATION_MODE = wholemodule;
				SWIFT_OPTIMIZATION_LEVEL = "-O";
				VALIDATE_PRODUCT = YES;
			};
			name = Release;
		};
		AED654672653E82500B88102 /* Debug */ = {
			isa = XCBuildConfiguration;
			buildSettings = {
				ASSETCATALOG_COMPILER_APPICON_NAME = AppIcon;
				ASSETCATALOG_COMPILER_GLOBAL_ACCENT_COLOR_NAME = AccentColor;
				CODE_SIGN_STYLE = Automatic;
				DEVELOPMENT_TEAM = 4S5SC5BABS;
				INFOPLIST_FILE = AutolayoutWorkshop/Info.plist;
				LD_RUNPATH_SEARCH_PATHS = (
					"$(inherited)",
					"@executable_path/Frameworks",
				);
				PRODUCT_BUNDLE_IDENTIFIER = com.santos.matheus.AutolayoutWorkshop;
				PRODUCT_NAME = "$(TARGET_NAME)";
				SWIFT_VERSION = 5.0;
				TARGETED_DEVICE_FAMILY = "1,2";
			};
			name = Debug;
		};
		AED654682653E82500B88102 /* Release */ = {
			isa = XCBuildConfiguration;
			buildSettings = {
				ASSETCATALOG_COMPILER_APPICON_NAME = AppIcon;
				ASSETCATALOG_COMPILER_GLOBAL_ACCENT_COLOR_NAME = AccentColor;
				CODE_SIGN_STYLE = Automatic;
				DEVELOPMENT_TEAM = 4S5SC5BABS;
				INFOPLIST_FILE = AutolayoutWorkshop/Info.plist;
				LD_RUNPATH_SEARCH_PATHS = (
					"$(inherited)",
					"@executable_path/Frameworks",
				);
				PRODUCT_BUNDLE_IDENTIFIER = com.santos.matheus.AutolayoutWorkshop;
				PRODUCT_NAME = "$(TARGET_NAME)";
				SWIFT_VERSION = 5.0;
				TARGETED_DEVICE_FAMILY = "1,2";
			};
			name = Release;
		};
/* End XCBuildConfiguration section */

/* Begin XCConfigurationList section */
		AED6544D2653E82400B88102 /* Build configuration list for PBXProject "AutolayoutWorkshop" */ = {
			isa = XCConfigurationList;
			buildConfigurations = (
				AED654642653E82500B88102 /* Debug */,
				AED654652653E82500B88102 /* Release */,
			);
			defaultConfigurationIsVisible = 0;
			defaultConfigurationName = Release;
		};
		AED654662653E82500B88102 /* Build configuration list for PBXNativeTarget "AutolayoutWorkshop" */ = {
			isa = XCConfigurationList;
			buildConfigurations = (
				AED654672653E82500B88102 /* Debug */,
				AED654682653E82500B88102 /* Release */,
			);
			defaultConfigurationIsVisible = 0;
			defaultConfigurationName = Release;
		};
/* End XCConfigurationList section */
	};
	rootObject = AED6544A2653E82400B88102 /* Project object */;
}
